
Microsoft Visual Studio Solution File, Format Version 12.00
# Visual Studio Version 17
VisualStudioVersion = 17.1.31903.286
MinimumVisualStudioVersion = 10.0.40219.1
Project("{9A19103F-16F7-4668-BE54-9A1E7A4F7556}") = "Pekspro.SwedRadio", "Pekspro.SwedRadio\Pekspro.SwedRadio.csproj", "{7E34B570-6118-439A-A4C2-29DB0AC0CD64}"
EndProject
Project("{9A19103F-16F7-4668-BE54-9A1E7A4F7556}") = "Pekspro.RadioStorm.UI", "Pekspro.RadioStorm.UI\Pekspro.RadioStorm.UI.csproj", "{B8A000F0-0362-4D3B-BE0F-D6FDD9737BC3}"
EndProject
Project("{2150E333-8FDC-42A3-9474-1A3956D46DE8}") = "Sandbox", "Sandbox", "{66DB5F15-38B2-4BD5-915A-D1D352CC2934}"
EndProject
Project("{2150E333-8FDC-42A3-9474-1A3956D46DE8}") = "Solution Items", "Solution Items", "{A472615A-F20E-46F5-ABBF-A558F8703478}"
	ProjectSection(SolutionItems) = preProject
		.editorconfig = .editorconfig
	EndProjectSection
EndProject
Project("{9A19103F-16F7-4668-BE54-9A1E7A4F7556}") = "Pekspro.RadioStorm.Sandbox.Common", "Pekspro.RadioStorm.Sandbox.Common\Pekspro.RadioStorm.Sandbox.Common.csproj", "{68114D9B-036D-4DEE-A2BC-76FE7EA0BB54}"
EndProject
Project("{9A19103F-16F7-4668-BE54-9A1E7A4F7556}") = "Pekspro.RadioStorm.Sandbox.Console", "Pekspro.RadioStorm.Sandbox.Console\Pekspro.RadioStorm.Sandbox.Console.csproj", "{08A2C7F8-21E6-427E-B2BC-DEE9686562DD}"
EndProject
Project("{9A19103F-16F7-4668-BE54-9A1E7A4F7556}") = "Pekspro.RadioStorm.Sandbox.WPF", "Pekspro.RadioStorm.Sandbox.WPF\Pekspro.RadioStorm.Sandbox.WPF.csproj", "{5F12291F-2CF5-49E6-A23B-5A28A931DD1C}"
EndProject
Project("{2150E333-8FDC-42A3-9474-1A3956D46DE8}") = "File providers", "File providers", "{EB7F4CCF-64DE-4B50-8F78-31835BBB3D1B}"
EndProject
Project("{9A19103F-16F7-4668-BE54-9A1E7A4F7556}") = "Pekspro.RadioStorm.Settings.SynchronizedSettings.FileProvider.Graph", "Pekspro.RadioStorm.Settings.SynchronizedSettings.FileProvider.Graph\Pekspro.RadioStorm.Settings.SynchronizedSettings.FileProvider.Graph.csproj", "{8CC22C3F-902E-4B04-B1BF-EA9A3666337C}"
EndProject
Project("{9A19103F-16F7-4668-BE54-9A1E7A4F7556}") = "Pekspro.RadioStorm", "Pekspro.RadioStorm\Pekspro.RadioStorm.csproj", "{1215CDD7-1836-4EE9-986F-309FC9192A9A}"
EndProject
Project("{9A19103F-16F7-4668-BE54-9A1E7A4F7556}") = "Pekspro.RadioStorm.MAUI", "Pekspro.RadioStorm.MAUI\Pekspro.RadioStorm.MAUI.csproj", "{4DA75B42-32B0-464E-9A5F-88F0BB1FF622}"
EndProject
Project("{9A19103F-16F7-4668-BE54-9A1E7A4F7556}") = "Pekspro.RadioStorm.Settings.SynchronizedSettings.FileProvider", "Pekspro.RadioStorm.Settings.SynchronizedSettings.FileProvider\Pekspro.RadioStorm.Settings.SynchronizedSettings.FileProvider.csproj", "{DD9C3E36-5CDA-4174-A3DB-7E0CC0888CAA}"
EndProject
Project("{FAE04EC0-301F-11D3-BF4B-00C04F79EFBC}") = "Pekspro.RadioStorm.Settings.SynchronizedSettings.FileProvider.Secrets", "Pekspro.RadioStorm.Settings.SynchronizedSettings.FileProvider.Secrets\Pekspro.RadioStorm.Settings.SynchronizedSettings.FileProvider.Secrets.csproj", "{F80CE797-AAAE-4371-800E-3E97CB988D5A}"
EndProject
Global
	GlobalSection(SolutionConfigurationPlatforms) = preSolution
		Debug|Any CPU = Debug|Any CPU
		Release|Any CPU = Release|Any CPU
	EndGlobalSection
	GlobalSection(ProjectConfigurationPlatforms) = postSolution
		{7E34B570-6118-439A-A4C2-29DB0AC0CD64}.Debug|Any CPU.ActiveCfg = Debug|Any CPU
		{7E34B570-6118-439A-A4C2-29DB0AC0CD64}.Debug|Any CPU.Build.0 = Debug|Any CPU
		{7E34B570-6118-439A-A4C2-29DB0AC0CD64}.Release|Any CPU.ActiveCfg = Release|Any CPU
		{7E34B570-6118-439A-A4C2-29DB0AC0CD64}.Release|Any CPU.Build.0 = Release|Any CPU
		{B8A000F0-0362-4D3B-BE0F-D6FDD9737BC3}.Debug|Any CPU.ActiveCfg = Debug|Any CPU
		{B8A000F0-0362-4D3B-BE0F-D6FDD9737BC3}.Debug|Any CPU.Build.0 = Debug|Any CPU
		{B8A000F0-0362-4D3B-BE0F-D6FDD9737BC3}.Release|Any CPU.ActiveCfg = Release|Any CPU
		{B8A000F0-0362-4D3B-BE0F-D6FDD9737BC3}.Release|Any CPU.Build.0 = Release|Any CPU
		{68114D9B-036D-4DEE-A2BC-76FE7EA0BB54}.Debug|Any CPU.ActiveCfg = Debug|Any CPU
		{68114D9B-036D-4DEE-A2BC-76FE7EA0BB54}.Debug|Any CPU.Build.0 = Debug|Any CPU
		{68114D9B-036D-4DEE-A2BC-76FE7EA0BB54}.Release|Any CPU.ActiveCfg = Release|Any CPU
		{68114D9B-036D-4DEE-A2BC-76FE7EA0BB54}.Release|Any CPU.Build.0 = Release|Any CPU
		{08A2C7F8-21E6-427E-B2BC-DEE9686562DD}.Debug|Any CPU.ActiveCfg = Debug|Any CPU
		{08A2C7F8-21E6-427E-B2BC-DEE9686562DD}.Debug|Any CPU.Build.0 = Debug|Any CPU
		{08A2C7F8-21E6-427E-B2BC-DEE9686562DD}.Release|Any CPU.ActiveCfg = Release|Any CPU
		{08A2C7F8-21E6-427E-B2BC-DEE9686562DD}.Release|Any CPU.Build.0 = Release|Any CPU
		{5F12291F-2CF5-49E6-A23B-5A28A931DD1C}.Debug|Any CPU.ActiveCfg = Debug|Any CPU
		{5F12291F-2CF5-49E6-A23B-5A28A931DD1C}.Debug|Any CPU.Build.0 = Debug|Any CPU
		{5F12291F-2CF5-49E6-A23B-5A28A931DD1C}.Release|Any CPU.ActiveCfg = Release|Any CPU
		{5F12291F-2CF5-49E6-A23B-5A28A931DD1C}.Release|Any CPU.Build.0 = Release|Any CPU
		{8CC22C3F-902E-4B04-B1BF-EA9A3666337C}.Debug|Any CPU.ActiveCfg = Debug|Any CPU
		{8CC22C3F-902E-4B04-B1BF-EA9A3666337C}.Debug|Any CPU.Build.0 = Debug|Any CPU
		{8CC22C3F-902E-4B04-B1BF-EA9A3666337C}.Release|Any CPU.ActiveCfg = Release|Any CPU
		{8CC22C3F-902E-4B04-B1BF-EA9A3666337C}.Release|Any CPU.Build.0 = Release|Any CPU
		{1215CDD7-1836-4EE9-986F-309FC9192A9A}.Debug|Any CPU.ActiveCfg = Debug|Any CPU
		{1215CDD7-1836-4EE9-986F-309FC9192A9A}.Debug|Any CPU.Build.0 = Debug|Any CPU
		{1215CDD7-1836-4EE9-986F-309FC9192A9A}.Release|Any CPU.ActiveCfg = Release|Any CPU
		{1215CDD7-1836-4EE9-986F-309FC9192A9A}.Release|Any CPU.Build.0 = Release|Any CPU
		{4DA75B42-32B0-464E-9A5F-88F0BB1FF622}.Debug|Any CPU.ActiveCfg = Debug|Any CPU
		{4DA75B42-32B0-464E-9A5F-88F0BB1FF622}.Debug|Any CPU.Build.0 = Debug|Any CPU
		{4DA75B42-32B0-464E-9A5F-88F0BB1FF622}.Debug|Any CPU.Deploy.0 = Debug|Any CPU
		{4DA75B42-32B0-464E-9A5F-88F0BB1FF622}.Release|Any CPU.ActiveCfg = Release|Any CPU
		{4DA75B42-32B0-464E-9A5F-88F0BB1FF622}.Release|Any CPU.Build.0 = Release|Any CPU
		{DD9C3E36-5CDA-4174-A3DB-7E0CC0888CAA}.Debug|Any CPU.ActiveCfg = Debug|Any CPU
		{DD9C3E36-5CDA-4174-A3DB-7E0CC0888CAA}.Debug|Any CPU.Build.0 = Debug|Any CPU
		{DD9C3E36-5CDA-4174-A3DB-7E0CC0888CAA}.Release|Any CPU.ActiveCfg = Release|Any CPU
		{DD9C3E36-5CDA-4174-A3DB-7E0CC0888CAA}.Release|Any CPU.Build.0 = Release|Any CPU
		{F80CE797-AAAE-4371-800E-3E97CB988D5A}.Debug|Any CPU.ActiveCfg = Debug|Any CPU
		{F80CE797-AAAE-4371-800E-3E97CB988D5A}.Debug|Any CPU.Build.0 = Debug|Any CPU
		{F80CE797-AAAE-4371-800E-3E97CB988D5A}.Release|Any CPU.ActiveCfg = Release|Any CPU
		{F80CE797-AAAE-4371-800E-3E97CB988D5A}.Release|Any CPU.Build.0 = Release|Any CPU
	EndGlobalSection
	GlobalSection(SolutionProperties) = preSolution
		HideSolutionNode = FALSE
	EndGlobalSection
	GlobalSection(NestedProjects) = preSolution
		{68114D9B-036D-4DEE-A2BC-76FE7EA0BB54} = {66DB5F15-38B2-4BD5-915A-D1D352CC2934}
		{08A2C7F8-21E6-427E-B2BC-DEE9686562DD} = {66DB5F15-38B2-4BD5-915A-D1D352CC2934}
		{5F12291F-2CF5-49E6-A23B-5A28A931DD1C} = {66DB5F15-38B2-4BD5-915A-D1D352CC2934}
		{8CC22C3F-902E-4B04-B1BF-EA9A3666337C} = {EB7F4CCF-64DE-4B50-8F78-31835BBB3D1B}
		{DD9C3E36-5CDA-4174-A3DB-7E0CC0888CAA} = {EB7F4CCF-64DE-4B50-8F78-31835BBB3D1B}
		{F80CE797-AAAE-4371-800E-3E97CB988D5A} = {EB7F4CCF-64DE-4B50-8F78-31835BBB3D1B}
	EndGlobalSection
	GlobalSection(ExtensibilityGlobals) = postSolution
		SolutionGuid = {469BD53F-65DA-496D-93C4-E75BDE8B03D5}
	EndGlobalSection
EndGlobal
